// !$*UTF8*$!
{
	archiveVersion = 1;
	classes = {
	};
	objectVersion = 46;
	objects = {

/* Begin PBXBuildFile section */
		5891C734627B3D23835B8249 /* libPods-MinhaBrasilia.a in Frameworks */ = {isa = PBXBuildFile; fileRef = A8FE23F471E553C7CE9E6084 /* libPods-MinhaBrasilia.a */; };
		A30026411B5DE1D3001FDAD2 /* AsaNorte.plist in Resources */ = {isa = PBXBuildFile; fileRef = A30026321B5DE1D3001FDAD2 /* AsaNorte.plist */; };
		A30026421B5DE1D3001FDAD2 /* AsaSul.plist in Resources */ = {isa = PBXBuildFile; fileRef = A30026331B5DE1D3001FDAD2 /* AsaSul.plist */; };
		A30026431B5DE1D3001FDAD2 /* CategoriaAsaNorte.plist in Resources */ = {isa = PBXBuildFile; fileRef = A30026341B5DE1D3001FDAD2 /* CategoriaAsaNorte.plist */; };
		A30026441B5DE1D3001FDAD2 /* CategoriaAsaSul.plist in Resources */ = {isa = PBXBuildFile; fileRef = A30026351B5DE1D3001FDAD2 /* CategoriaAsaSul.plist */; };
		A300264A1B5DE1D3001FDAD2 /* splashscreen.png in Resources */ = {isa = PBXBuildFile; fileRef = A30026401B5DE1D3001FDAD2 /* splashscreen.png */; };
		A34B35961B7D66BA00DEB9B2 /* icone_refinar_desabilitado.png in Resources */ = {isa = PBXBuildFile; fileRef = A34B35951B7D66BA00DEB9B2 /* icone_refinar_desabilitado.png */; };
		A3528A7F1B6AFCD200DA4F43 /* DetalheViewController.m in Sources */ = {isa = PBXBuildFile; fileRef = A3528A7E1B6AFCD200DA4F43 /* DetalheViewController.m */; };
		A3562B9D1B7AB9800029EA6F /* icone_detalhes_endereco.png in Resources */ = {isa = PBXBuildFile; fileRef = A3562B9A1B7AB9800029EA6F /* icone_detalhes_endereco.png */; };
		A3562B9E1B7AB9800029EA6F /* icone_detalhes_subtitulo.png in Resources */ = {isa = PBXBuildFile; fileRef = A3562B9B1B7AB9800029EA6F /* icone_detalhes_subtitulo.png */; };
		A3562B9F1B7AB9800029EA6F /* icone_detalhes_titulo.png in Resources */ = {isa = PBXBuildFile; fileRef = A3562B9C1B7AB9800029EA6F /* icone_detalhes_titulo.png */; };
		A3562BA11B7ABD870029EA6F /* icone_detalhes_telefone.png in Resources */ = {isa = PBXBuildFile; fileRef = A3562BA01B7ABD870029EA6F /* icone_detalhes_telefone.png */; };
		A3562BA31B7AC08C0029EA6F /* icone_detalhes_quadra.png in Resources */ = {isa = PBXBuildFile; fileRef = A3562BA21B7AC08C0029EA6F /* icone_detalhes_quadra.png */; };
		A3562BA51B7AC8BD0029EA6F /* icone_detalhes_categoria.png in Resources */ = {isa = PBXBuildFile; fileRef = A3562BA41B7AC8BD0029EA6F /* icone_detalhes_categoria.png */; };
		A35E801C1B72CB04006A98C5 /* Quadra.m in Sources */ = {isa = PBXBuildFile; fileRef = A35E801B1B72CB04006A98C5 /* Quadra.m */; };
		A35E801F1B72CB04006A98C5 /* Categoria.m in Sources */ = {isa = PBXBuildFile; fileRef = A35E801E1B72CB04006A98C5 /* Categoria.m */; };
		A35E80221B72CB04006A98C5 /* Loja.m in Sources */ = {isa = PBXBuildFile; fileRef = A35E80211B72CB04006A98C5 /* Loja.m */; };
		A3B438DD1B7BF9800006E19D /* Constantes.m in Sources */ = {isa = PBXBuildFile; fileRef = A3B438DC1B7BF9800006E19D /* Constantes.m */; };
		A3B438E11B7BF98C0006E19D /* Utils.m in Sources */ = {isa = PBXBuildFile; fileRef = A3B438E01B7BF98C0006E19D /* Utils.m */; };
		A3B438E41B7BF9BD0006E19D /* DesignUtils.m in Sources */ = {isa = PBXBuildFile; fileRef = A3B438E31B7BF9BD0006E19D /* DesignUtils.m */; };
		A3B7C2E61B66D605002C6F4B /* CategoriaViewController.m in Sources */ = {isa = PBXBuildFile; fileRef = A3B7C2E51B66D605002C6F4B /* CategoriaViewController.m */; };
		A3B7C2E91B66D801002C6F4B /* RefinarBuscaViewController.m in Sources */ = {isa = PBXBuildFile; fileRef = A3B7C2E81B66D801002C6F4B /* RefinarBuscaViewController.m */; };
		A3B9AE5E1B797208005A02F4 /* icone_tela_inicial.png in Resources */ = {isa = PBXBuildFile; fileRef = A3B9AE5D1B797208005A02F4 /* icone_tela_inicial.png */; };
		A3C8E4C81B5DE00C001B547E /* TelaInicialViewController.m in Sources */ = {isa = PBXBuildFile; fileRef = A3C8E4C41B5DE00C001B547E /* TelaInicialViewController.m */; };
		A3DC58D31B6995B400E4D460 /* LojaTableViewCell.m in Sources */ = {isa = PBXBuildFile; fileRef = A3DC58D21B6995B400E4D460 /* LojaTableViewCell.m */; };
		A3EB04621B68396200DE7900 /* LojaViewController.m in Sources */ = {isa = PBXBuildFile; fileRef = A3EB04611B68396200DE7900 /* LojaViewController.m */; };
		A3F9C8591B5DA8F8001ADC7A /* main.m in Sources */ = {isa = PBXBuildFile; fileRef = A3F9C8581B5DA8F8001ADC7A /* main.m */; };
		A3F9C85C1B5DA8F8001ADC7A /* AppDelegate.m in Sources */ = {isa = PBXBuildFile; fileRef = A3F9C85B1B5DA8F8001ADC7A /* AppDelegate.m */; };
		A3F9C85F1B5DA8F8001ADC7A /* MinhaBrasilia.xcdatamodeld in Sources */ = {isa = PBXBuildFile; fileRef = A3F9C85D1B5DA8F8001ADC7A /* MinhaBrasilia.xcdatamodeld */; };
		A3F9C8621B5DA8F8001ADC7A /* ViewController.m in Sources */ = {isa = PBXBuildFile; fileRef = A3F9C8611B5DA8F8001ADC7A /* ViewController.m */; };
		A3F9C8671B5DA8F8001ADC7A /* Images.xcassets in Resources */ = {isa = PBXBuildFile; fileRef = A3F9C8661B5DA8F8001ADC7A /* Images.xcassets */; };
		A3F9C86A1B5DA8F8001ADC7A /* LaunchScreen.xib in Resources */ = {isa = PBXBuildFile; fileRef = A3F9C8681B5DA8F8001ADC7A /* LaunchScreen.xib */; };
		A3F9C8761B5DA8F8001ADC7A /* MinhaBrasiliaTests.m in Sources */ = {isa = PBXBuildFile; fileRef = A3F9C8751B5DA8F8001ADC7A /* MinhaBrasiliaTests.m */; };
		A3F9C8A51B5DAD09001ADC7A /* Main.storyboard in Resources */ = {isa = PBXBuildFile; fileRef = A3F9C8A31B5DAD09001ADC7A /* Main.storyboard */; };
/* End PBXBuildFile section */

/* Begin PBXContainerItemProxy section */
		A3F9C8701B5DA8F8001ADC7A /* PBXContainerItemProxy */ = {
			isa = PBXContainerItemProxy;
			containerPortal = A3F9C84B1B5DA8F8001ADC7A /* Project object */;
			proxyType = 1;
			remoteGlobalIDString = A3F9C8521B5DA8F8001ADC7A;
			remoteInfo = MinhaBrasilia;
		};
/* End PBXContainerItemProxy section */

/* Begin PBXFileReference section */
		7A1881529D9937928DA6B3D0 /* Pods-MinhaBrasilia.debug.xcconfig */ = {isa = PBXFileReference; includeInIndex = 1; lastKnownFileType = text.xcconfig; name = "Pods-MinhaBrasilia.debug.xcconfig"; path = "Pods/Target Support Files/Pods-MinhaBrasilia/Pods-MinhaBrasilia.debug.xcconfig"; sourceTree = "<group>"; };
		A30026321B5DE1D3001FDAD2 /* AsaNorte.plist */ = {isa = PBXFileReference; fileEncoding = 4; lastKnownFileType = text.plist.xml; path = AsaNorte.plist; sourceTree = "<group>"; };
		A30026331B5DE1D3001FDAD2 /* AsaSul.plist */ = {isa = PBXFileReference; fileEncoding = 4; lastKnownFileType = text.plist.xml; path = AsaSul.plist; sourceTree = "<group>"; };
		A30026341B5DE1D3001FDAD2 /* CategoriaAsaNorte.plist */ = {isa = PBXFileReference; fileEncoding = 4; lastKnownFileType = text.plist.xml; path = CategoriaAsaNorte.plist; sourceTree = "<group>"; };
		A30026351B5DE1D3001FDAD2 /* CategoriaAsaSul.plist */ = {isa = PBXFileReference; fileEncoding = 4; lastKnownFileType = text.plist.xml; path = CategoriaAsaSul.plist; sourceTree = "<group>"; };
		A30026401B5DE1D3001FDAD2 /* splashscreen.png */ = {isa = PBXFileReference; lastKnownFileType = image.png; path = splashscreen.png; sourceTree = "<group>"; };
		A34A38C01B795EF4003EC5B4 /* CoreText.framework */ = {isa = PBXFileReference; lastKnownFileType = wrapper.framework; name = CoreText.framework; path = System/Library/Frameworks/CoreText.framework; sourceTree = SDKROOT; };
		A34B35951B7D66BA00DEB9B2 /* icone_refinar_desabilitado.png */ = {isa = PBXFileReference; lastKnownFileType = image.png; path = icone_refinar_desabilitado.png; sourceTree = "<group>"; };
		A3528A7D1B6AFCD200DA4F43 /* DetalheViewController.h */ = {isa = PBXFileReference; fileEncoding = 4; lastKnownFileType = sourcecode.c.h; path = DetalheViewController.h; sourceTree = "<group>"; };
		A3528A7E1B6AFCD200DA4F43 /* DetalheViewController.m */ = {isa = PBXFileReference; fileEncoding = 4; lastKnownFileType = sourcecode.c.objc; path = DetalheViewController.m; sourceTree = "<group>"; };
		A3528A801B6B1AC300DA4F43 /* CoreLocation.framework */ = {isa = PBXFileReference; lastKnownFileType = wrapper.framework; name = CoreLocation.framework; path = System/Library/Frameworks/CoreLocation.framework; sourceTree = SDKROOT; };
		A3528A821B6B1ACB00DA4F43 /* MapKit.framework */ = {isa = PBXFileReference; lastKnownFileType = wrapper.framework; name = MapKit.framework; path = System/Library/Frameworks/MapKit.framework; sourceTree = SDKROOT; };
		A3562B9A1B7AB9800029EA6F /* icone_detalhes_endereco.png */ = {isa = PBXFileReference; lastKnownFileType = image.png; path = icone_detalhes_endereco.png; sourceTree = "<group>"; };
		A3562B9B1B7AB9800029EA6F /* icone_detalhes_subtitulo.png */ = {isa = PBXFileReference; lastKnownFileType = image.png; path = icone_detalhes_subtitulo.png; sourceTree = "<group>"; };
		A3562B9C1B7AB9800029EA6F /* icone_detalhes_titulo.png */ = {isa = PBXFileReference; lastKnownFileType = image.png; path = icone_detalhes_titulo.png; sourceTree = "<group>"; };
		A3562BA01B7ABD870029EA6F /* icone_detalhes_telefone.png */ = {isa = PBXFileReference; lastKnownFileType = image.png; path = icone_detalhes_telefone.png; sourceTree = "<group>"; };
		A3562BA21B7AC08C0029EA6F /* icone_detalhes_quadra.png */ = {isa = PBXFileReference; lastKnownFileType = image.png; path = icone_detalhes_quadra.png; sourceTree = "<group>"; };
		A3562BA41B7AC8BD0029EA6F /* icone_detalhes_categoria.png */ = {isa = PBXFileReference; lastKnownFileType = image.png; path = icone_detalhes_categoria.png; sourceTree = "<group>"; };
		A35E801A1B72CB04006A98C5 /* Quadra.h */ = {isa = PBXFileReference; fileEncoding = 4; lastKnownFileType = sourcecode.c.h; name = Quadra.h; path = MinhaBrasilia/Quadra.h; sourceTree = SOURCE_ROOT; };
		A35E801B1B72CB04006A98C5 /* Quadra.m */ = {isa = PBXFileReference; fileEncoding = 4; lastKnownFileType = sourcecode.c.objc; name = Quadra.m; path = MinhaBrasilia/Quadra.m; sourceTree = SOURCE_ROOT; };
		A35E801D1B72CB04006A98C5 /* Categoria.h */ = {isa = PBXFileReference; fileEncoding = 4; lastKnownFileType = sourcecode.c.h; name = Categoria.h; path = MinhaBrasilia/Categoria.h; sourceTree = SOURCE_ROOT; };
		A35E801E1B72CB04006A98C5 /* Categoria.m */ = {isa = PBXFileReference; fileEncoding = 4; lastKnownFileType = sourcecode.c.objc; name = Categoria.m; path = MinhaBrasilia/Categoria.m; sourceTree = SOURCE_ROOT; };
		A35E80201B72CB04006A98C5 /* Loja.h */ = {isa = PBXFileReference; fileEncoding = 4; lastKnownFileType = sourcecode.c.h; name = Loja.h; path = MinhaBrasilia/Loja.h; sourceTree = SOURCE_ROOT; };
		A35E80211B72CB04006A98C5 /* Loja.m */ = {isa = PBXFileReference; fileEncoding = 4; lastKnownFileType = sourcecode.c.objc; name = Loja.m; path = MinhaBrasilia/Loja.m; sourceTree = SOURCE_ROOT; };
		A3B438DB1B7BF9800006E19D /* Constantes.h */ = {isa = PBXFileReference; fileEncoding = 4; lastKnownFileType = sourcecode.c.h; path = Constantes.h; sourceTree = "<group>"; };
		A3B438DC1B7BF9800006E19D /* Constantes.m */ = {isa = PBXFileReference; fileEncoding = 4; lastKnownFileType = sourcecode.c.objc; path = Constantes.m; sourceTree = "<group>"; };
		A3B438DF1B7BF98C0006E19D /* Utils.h */ = {isa = PBXFileReference; fileEncoding = 4; lastKnownFileType = sourcecode.c.h; path = Utils.h; sourceTree = "<group>"; };
		A3B438E01B7BF98C0006E19D /* Utils.m */ = {isa = PBXFileReference; fileEncoding = 4; lastKnownFileType = sourcecode.c.objc; path = Utils.m; sourceTree = "<group>"; };
		A3B438E21B7BF9BD0006E19D /* DesignUtils.h */ = {isa = PBXFileReference; fileEncoding = 4; lastKnownFileType = sourcecode.c.h; path = DesignUtils.h; sourceTree = "<group>"; };
		A3B438E31B7BF9BD0006E19D /* DesignUtils.m */ = {isa = PBXFileReference; fileEncoding = 4; lastKnownFileType = sourcecode.c.objc; path = DesignUtils.m; sourceTree = "<group>"; };
		A3B7C2E41B66D605002C6F4B /* CategoriaViewController.h */ = {isa = PBXFileReference; fileEncoding = 4; lastKnownFileType = sourcecode.c.h; path = CategoriaViewController.h; sourceTree = "<group>"; };
		A3B7C2E51B66D605002C6F4B /* CategoriaViewController.m */ = {isa = PBXFileReference; fileEncoding = 4; lastKnownFileType = sourcecode.c.objc; path = CategoriaViewController.m; sourceTree = "<group>"; };
		A3B7C2E71B66D801002C6F4B /* RefinarBuscaViewController.h */ = {isa = PBXFileReference; fileEncoding = 4; lastKnownFileType = sourcecode.c.h; path = RefinarBuscaViewController.h; sourceTree = "<group>"; };
		A3B7C2E81B66D801002C6F4B /* RefinarBuscaViewController.m */ = {isa = PBXFileReference; fileEncoding = 4; lastKnownFileType = sourcecode.c.objc; path = RefinarBuscaViewController.m; sourceTree = "<group>"; };
		A3B9AE5D1B797208005A02F4 /* icone_tela_inicial.png */ = {isa = PBXFileReference; lastKnownFileType = image.png; path = icone_tela_inicial.png; sourceTree = "<group>"; };
		A3C8E4C31B5DE00C001B547E /* TelaInicialViewController.h */ = {isa = PBXFileReference; fileEncoding = 4; lastKnownFileType = sourcecode.c.h; path = TelaInicialViewController.h; sourceTree = "<group>"; };
		A3C8E4C41B5DE00C001B547E /* TelaInicialViewController.m */ = {isa = PBXFileReference; fileEncoding = 4; lastKnownFileType = sourcecode.c.objc; path = TelaInicialViewController.m; sourceTree = "<group>"; };
		A3DC58D11B6995B400E4D460 /* LojaTableViewCell.h */ = {isa = PBXFileReference; fileEncoding = 4; lastKnownFileType = sourcecode.c.h; path = LojaTableViewCell.h; sourceTree = "<group>"; };
		A3DC58D21B6995B400E4D460 /* LojaTableViewCell.m */ = {isa = PBXFileReference; fileEncoding = 4; lastKnownFileType = sourcecode.c.objc; path = LojaTableViewCell.m; sourceTree = "<group>"; };
		A3EB04601B68396200DE7900 /* LojaViewController.h */ = {isa = PBXFileReference; fileEncoding = 4; lastKnownFileType = sourcecode.c.h; path = LojaViewController.h; sourceTree = "<group>"; };
		A3EB04611B68396200DE7900 /* LojaViewController.m */ = {isa = PBXFileReference; fileEncoding = 4; lastKnownFileType = sourcecode.c.objc; path = LojaViewController.m; sourceTree = "<group>"; };
		A3F9C8531B5DA8F8001ADC7A /* MinhaBrasilia.app */ = {isa = PBXFileReference; explicitFileType = wrapper.application; includeInIndex = 0; path = MinhaBrasilia.app; sourceTree = BUILT_PRODUCTS_DIR; };
		A3F9C8571B5DA8F8001ADC7A /* Info.plist */ = {isa = PBXFileReference; lastKnownFileType = text.plist.xml; path = Info.plist; sourceTree = "<group>"; };
		A3F9C8581B5DA8F8001ADC7A /* main.m */ = {isa = PBXFileReference; lastKnownFileType = sourcecode.c.objc; path = main.m; sourceTree = "<group>"; };
		A3F9C85A1B5DA8F8001ADC7A /* AppDelegate.h */ = {isa = PBXFileReference; lastKnownFileType = sourcecode.c.h; path = AppDelegate.h; sourceTree = "<group>"; };
		A3F9C85B1B5DA8F8001ADC7A /* AppDelegate.m */ = {isa = PBXFileReference; lastKnownFileType = sourcecode.c.objc; path = AppDelegate.m; sourceTree = "<group>"; };
		A3F9C85E1B5DA8F8001ADC7A /* MinhaBrasilia.xcdatamodel */ = {isa = PBXFileReference; lastKnownFileType = wrapper.xcdatamodel; path = MinhaBrasilia.xcdatamodel; sourceTree = "<group>"; };
		A3F9C8601B5DA8F8001ADC7A /* ViewController.h */ = {isa = PBXFileReference; lastKnownFileType = sourcecode.c.h; path = ViewController.h; sourceTree = "<group>"; };
		A3F9C8611B5DA8F8001ADC7A /* ViewController.m */ = {isa = PBXFileReference; lastKnownFileType = sourcecode.c.objc; path = ViewController.m; sourceTree = "<group>"; };
		A3F9C8661B5DA8F8001ADC7A /* Images.xcassets */ = {isa = PBXFileReference; lastKnownFileType = folder.assetcatalog; path = Images.xcassets; sourceTree = "<group>"; };
		A3F9C8691B5DA8F8001ADC7A /* Base */ = {isa = PBXFileReference; lastKnownFileType = file.xib; name = Base; path = Base.lproj/LaunchScreen.xib; sourceTree = "<group>"; };
		A3F9C86F1B5DA8F8001ADC7A /* MinhaBrasiliaTests.xctest */ = {isa = PBXFileReference; explicitFileType = wrapper.cfbundle; includeInIndex = 0; path = MinhaBrasiliaTests.xctest; sourceTree = BUILT_PRODUCTS_DIR; };
		A3F9C8741B5DA8F8001ADC7A /* Info.plist */ = {isa = PBXFileReference; lastKnownFileType = text.plist.xml; path = Info.plist; sourceTree = "<group>"; };
		A3F9C8751B5DA8F8001ADC7A /* MinhaBrasiliaTests.m */ = {isa = PBXFileReference; lastKnownFileType = sourcecode.c.objc; path = MinhaBrasiliaTests.m; sourceTree = "<group>"; };
		A3F9C8A41B5DAD09001ADC7A /* Base */ = {isa = PBXFileReference; lastKnownFileType = file.storyboard; name = Base; path = Base.lproj/Main.storyboard; sourceTree = "<group>"; };
		A8FE23F471E553C7CE9E6084 /* libPods-MinhaBrasilia.a */ = {isa = PBXFileReference; explicitFileType = archive.ar; includeInIndex = 0; path = "libPods-MinhaBrasilia.a"; sourceTree = BUILT_PRODUCTS_DIR; };
		C5CB7748F7AF12B8454FAE28 /* Pods-MinhaBrasilia.release.xcconfig */ = {isa = PBXFileReference; includeInIndex = 1; lastKnownFileType = text.xcconfig; name = "Pods-MinhaBrasilia.release.xcconfig"; path = "Pods/Target Support Files/Pods-MinhaBrasilia/Pods-MinhaBrasilia.release.xcconfig"; sourceTree = "<group>"; };
/* End PBXFileReference section */

/* Begin PBXFrameworksBuildPhase section */
		A3F9C8501B5DA8F8001ADC7A /* Frameworks */ = {
			isa = PBXFrameworksBuildPhase;
			buildActionMask = 2147483647;
			files = (
				5891C734627B3D23835B8249 /* libPods-MinhaBrasilia.a in Frameworks */,
			);
			runOnlyForDeploymentPostprocessing = 0;
		};
		A3F9C86C1B5DA8F8001ADC7A /* Frameworks */ = {
			isa = PBXFrameworksBuildPhase;
			buildActionMask = 2147483647;
			files = (
			);
			runOnlyForDeploymentPostprocessing = 0;
		};
/* End PBXFrameworksBuildPhase section */

/* Begin PBXGroup section */
		1EEC9295B1BD36BBDF1DC313 /* Frameworks */ = {
			isa = PBXGroup;
			children = (
				A34A38C01B795EF4003EC5B4 /* CoreText.framework */,
				A8FE23F471E553C7CE9E6084 /* libPods-MinhaBrasilia.a */,
			);
			name = Frameworks;
			sourceTree = "<group>";
		};
		7A3B0306078ADF58F5B8DA8D /* Pods */ = {
			isa = PBXGroup;
			children = (
				7A1881529D9937928DA6B3D0 /* Pods-MinhaBrasilia.debug.xcconfig */,
				C5CB7748F7AF12B8454FAE28 /* Pods-MinhaBrasilia.release.xcconfig */,
			);
			name = Pods;
			sourceTree = "<group>";
		};
		A30026311B5DE1D3001FDAD2 /* Recursos */ = {
			isa = PBXGroup;
			children = (
				A30026321B5DE1D3001FDAD2 /* AsaNorte.plist */,
				A30026331B5DE1D3001FDAD2 /* AsaSul.plist */,
				A30026341B5DE1D3001FDAD2 /* CategoriaAsaNorte.plist */,
				A30026351B5DE1D3001FDAD2 /* CategoriaAsaSul.plist */,
			);
			path = Recursos;
			sourceTree = "<group>";
		};
		A30026361B5DE1D3001FDAD2 /* Modelos */ = {
			isa = PBXGroup;
			children = (
				A35E80201B72CB04006A98C5 /* Loja.h */,
				A35E80211B72CB04006A98C5 /* Loja.m */,
				A35E801D1B72CB04006A98C5 /* Categoria.h */,
				A35E801E1B72CB04006A98C5 /* Categoria.m */,
				A35E801A1B72CB04006A98C5 /* Quadra.h */,
				A35E801B1B72CB04006A98C5 /* Quadra.m */,
			);
			path = Modelos;
			sourceTree = "<group>";
		};
		A300263D1B5DE1D3001FDAD2 /* Imagens */ = {
			isa = PBXGroup;
			children = (
				A34B35951B7D66BA00DEB9B2 /* icone_refinar_desabilitado.png */,
				A3562BA41B7AC8BD0029EA6F /* icone_detalhes_categoria.png */,
				A3562BA21B7AC08C0029EA6F /* icone_detalhes_quadra.png */,
				A3562BA01B7ABD870029EA6F /* icone_detalhes_telefone.png */,
				A3562B9A1B7AB9800029EA6F /* icone_detalhes_endereco.png */,
				A3562B9B1B7AB9800029EA6F /* icone_detalhes_subtitulo.png */,
				A3562B9C1B7AB9800029EA6F /* icone_detalhes_titulo.png */,
				A3B9AE5D1B797208005A02F4 /* icone_tela_inicial.png */,
				A30026401B5DE1D3001FDAD2 /* splashscreen.png */,
			);
			path = Imagens;
			sourceTree = "<group>";
		};
		A3B438DA1B7BF9800006E19D /* Constantes */ = {
			isa = PBXGroup;
			children = (
				A3B438DB1B7BF9800006E19D /* Constantes.h */,
				A3B438DC1B7BF9800006E19D /* Constantes.m */,
			);
			path = Constantes;
			sourceTree = "<group>";
		};
		A3B438DE1B7BF98C0006E19D /* Utils */ = {
			isa = PBXGroup;
			children = (
				A3B438DF1B7BF98C0006E19D /* Utils.h */,
				A3B438E01B7BF98C0006E19D /* Utils.m */,
				A3B438E21B7BF9BD0006E19D /* DesignUtils.h */,
				A3B438E31B7BF9BD0006E19D /* DesignUtils.m */,
			);
			path = Utils;
			sourceTree = "<group>";
		};
		A3C8E4BC1B5DE00C001B547E /* Classes */ = {
			isa = PBXGroup;
			children = (
				A3B438DE1B7BF98C0006E19D /* Utils */,
				A3B438DA1B7BF9800006E19D /* Constantes */,
				A3C8E4C31B5DE00C001B547E /* TelaInicialViewController.h */,
				A3C8E4C41B5DE00C001B547E /* TelaInicialViewController.m */,
				A3B7C2E71B66D801002C6F4B /* RefinarBuscaViewController.h */,
				A3B7C2E81B66D801002C6F4B /* RefinarBuscaViewController.m */,
				A3B7C2E41B66D605002C6F4B /* CategoriaViewController.h */,
				A3B7C2E51B66D605002C6F4B /* CategoriaViewController.m */,
				A3EB04601B68396200DE7900 /* LojaViewController.h */,
				A3EB04611B68396200DE7900 /* LojaViewController.m */,
				A3DC58D11B6995B400E4D460 /* LojaTableViewCell.h */,
				A3DC58D21B6995B400E4D460 /* LojaTableViewCell.m */,
				A3528A7D1B6AFCD200DA4F43 /* DetalheViewController.h */,
				A3528A7E1B6AFCD200DA4F43 /* DetalheViewController.m */,
			);
			path = Classes;
			sourceTree = "<group>";
		};
		A3F9C84A1B5DA8F8001ADC7A = {
			isa = PBXGroup;
			children = (
				A3528A821B6B1ACB00DA4F43 /* MapKit.framework */,
				A3528A801B6B1AC300DA4F43 /* CoreLocation.framework */,
				A3F9C8551B5DA8F8001ADC7A /* MinhaBrasilia */,
				A3F9C8721B5DA8F8001ADC7A /* MinhaBrasiliaTests */,
				A3F9C8541B5DA8F8001ADC7A /* Products */,
				7A3B0306078ADF58F5B8DA8D /* Pods */,
				1EEC9295B1BD36BBDF1DC313 /* Frameworks */,
			);
			sourceTree = "<group>";
		};
		A3F9C8541B5DA8F8001ADC7A /* Products */ = {
			isa = PBXGroup;
			children = (
				A3F9C8531B5DA8F8001ADC7A /* MinhaBrasilia.app */,
				A3F9C86F1B5DA8F8001ADC7A /* MinhaBrasiliaTests.xctest */,
			);
			name = Products;
			sourceTree = "<group>";
		};
		A3F9C8551B5DA8F8001ADC7A /* MinhaBrasilia */ = {
			isa = PBXGroup;
			children = (
				A30026311B5DE1D3001FDAD2 /* Recursos */,
				A30026361B5DE1D3001FDAD2 /* Modelos */,
				A300263D1B5DE1D3001FDAD2 /* Imagens */,
				A3C8E4BC1B5DE00C001B547E /* Classes */,
				A3F9C8A31B5DAD09001ADC7A /* Main.storyboard */,
				A3F9C85A1B5DA8F8001ADC7A /* AppDelegate.h */,
				A3F9C85B1B5DA8F8001ADC7A /* AppDelegate.m */,
				A3F9C8601B5DA8F8001ADC7A /* ViewController.h */,
				A3F9C8611B5DA8F8001ADC7A /* ViewController.m */,
				A3F9C8661B5DA8F8001ADC7A /* Images.xcassets */,
				A3F9C8681B5DA8F8001ADC7A /* LaunchScreen.xib */,
				A3F9C85D1B5DA8F8001ADC7A /* MinhaBrasilia.xcdatamodeld */,
				A3F9C8561B5DA8F8001ADC7A /* Supporting Files */,
			);
			path = MinhaBrasilia;
			sourceTree = "<group>";
		};
		A3F9C8561B5DA8F8001ADC7A /* Supporting Files */ = {
			isa = PBXGroup;
			children = (
				A3F9C8571B5DA8F8001ADC7A /* Info.plist */,
				A3F9C8581B5DA8F8001ADC7A /* main.m */,
			);
			name = "Supporting Files";
			sourceTree = "<group>";
		};
		A3F9C8721B5DA8F8001ADC7A /* MinhaBrasiliaTests */ = {
			isa = PBXGroup;
			children = (
				A3F9C8751B5DA8F8001ADC7A /* MinhaBrasiliaTests.m */,
				A3F9C8731B5DA8F8001ADC7A /* Supporting Files */,
			);
			path = MinhaBrasiliaTests;
			sourceTree = "<group>";
		};
		A3F9C8731B5DA8F8001ADC7A /* Supporting Files */ = {
			isa = PBXGroup;
			children = (
				A3F9C8741B5DA8F8001ADC7A /* Info.plist */,
			);
			name = "Supporting Files";
			sourceTree = "<group>";
		};
/* End PBXGroup section */

/* Begin PBXNativeTarget section */
		A3F9C8521B5DA8F8001ADC7A /* MinhaBrasilia */ = {
			isa = PBXNativeTarget;
			buildConfigurationList = A3F9C8791B5DA8F8001ADC7A /* Build configuration list for PBXNativeTarget "MinhaBrasilia" */;
			buildPhases = (
				C870C27A5B336D477D55652F /* Check Pods Manifest.lock */,
				A3F9C84F1B5DA8F8001ADC7A /* Sources */,
				A3F9C8501B5DA8F8001ADC7A /* Frameworks */,
				A3F9C8511B5DA8F8001ADC7A /* Resources */,
				6C3F7EF3B10AA3E272B35DF6 /* Copy Pods Resources */,
			);
			buildRules = (
			);
			dependencies = (
			);
			name = MinhaBrasilia;
			productName = MinhaBrasilia;
			productReference = A3F9C8531B5DA8F8001ADC7A /* MinhaBrasilia.app */;
			productType = "com.apple.product-type.application";
		};
		A3F9C86E1B5DA8F8001ADC7A /* MinhaBrasiliaTests */ = {
			isa = PBXNativeTarget;
			buildConfigurationList = A3F9C87C1B5DA8F8001ADC7A /* Build configuration list for PBXNativeTarget "MinhaBrasiliaTests" */;
			buildPhases = (
				A3F9C86B1B5DA8F8001ADC7A /* Sources */,
				A3F9C86C1B5DA8F8001ADC7A /* Frameworks */,
				A3F9C86D1B5DA8F8001ADC7A /* Resources */,
			);
			buildRules = (
			);
			dependencies = (
				A3F9C8711B5DA8F8001ADC7A /* PBXTargetDependency */,
			);
			name = MinhaBrasiliaTests;
			productName = MinhaBrasiliaTests;
			productReference = A3F9C86F1B5DA8F8001ADC7A /* MinhaBrasiliaTests.xctest */;
			productType = "com.apple.product-type.bundle.unit-test";
		};
/* End PBXNativeTarget section */

/* Begin PBXProject section */
		A3F9C84B1B5DA8F8001ADC7A /* Project object */ = {
			isa = PBXProject;
			attributes = {
				LastUpgradeCheck = 0640;
				ORGANIZATIONNAME = "Filipe Manuel";
				TargetAttributes = {
					A3F9C8521B5DA8F8001ADC7A = {
						CreatedOnToolsVersion = 6.4;
					};
					A3F9C86E1B5DA8F8001ADC7A = {
						CreatedOnToolsVersion = 6.4;
						TestTargetID = A3F9C8521B5DA8F8001ADC7A;
					};
				};
			};
			buildConfigurationList = A3F9C84E1B5DA8F8001ADC7A /* Build configuration list for PBXProject "MinhaBrasilia" */;
			compatibilityVersion = "Xcode 3.2";
			developmentRegion = English;
			hasScannedForEncodings = 0;
			knownRegions = (
				en,
				Base,
			);
			mainGroup = A3F9C84A1B5DA8F8001ADC7A;
			productRefGroup = A3F9C8541B5DA8F8001ADC7A /* Products */;
			projectDirPath = "";
			projectRoot = "";
			targets = (
				A3F9C8521B5DA8F8001ADC7A /* MinhaBrasilia */,
				A3F9C86E1B5DA8F8001ADC7A /* MinhaBrasiliaTests */,
			);
		};
/* End PBXProject section */

/* Begin PBXResourcesBuildPhase section */
		A3F9C8511B5DA8F8001ADC7A /* Resources */ = {
			isa = PBXResourcesBuildPhase;
			buildActionMask = 2147483647;
			files = (
				A3562BA11B7ABD870029EA6F /* icone_detalhes_telefone.png in Resources */,
				A3562B9E1B7AB9800029EA6F /* icone_detalhes_subtitulo.png in Resources */,
				A3F9C8A51B5DAD09001ADC7A /* Main.storyboard in Resources */,
				A3B9AE5E1B797208005A02F4 /* icone_tela_inicial.png in Resources */,
				A3562BA31B7AC08C0029EA6F /* icone_detalhes_quadra.png in Resources */,
				A30026411B5DE1D3001FDAD2 /* AsaNorte.plist in Resources */,
				A3562B9D1B7AB9800029EA6F /* icone_detalhes_endereco.png in Resources */,
				A30026441B5DE1D3001FDAD2 /* CategoriaAsaSul.plist in Resources */,
				A3562BA51B7AC8BD0029EA6F /* icone_detalhes_categoria.png in Resources */,
				A34B35961B7D66BA00DEB9B2 /* icone_refinar_desabilitado.png in Resources */,
				A3F9C86A1B5DA8F8001ADC7A /* LaunchScreen.xib in Resources */,
				A300264A1B5DE1D3001FDAD2 /* splashscreen.png in Resources */,
				A30026421B5DE1D3001FDAD2 /* AsaSul.plist in Resources */,
				A3F9C8671B5DA8F8001ADC7A /* Images.xcassets in Resources */,
				A30026431B5DE1D3001FDAD2 /* CategoriaAsaNorte.plist in Resources */,
				A3562B9F1B7AB9800029EA6F /* icone_detalhes_titulo.png in Resources */,
			);
			runOnlyForDeploymentPostprocessing = 0;
		};
		A3F9C86D1B5DA8F8001ADC7A /* Resources */ = {
			isa = PBXResourcesBuildPhase;
			buildActionMask = 2147483647;
			files = (
			);
			runOnlyForDeploymentPostprocessing = 0;
		};
/* End PBXResourcesBuildPhase section */

/* Begin PBXShellScriptBuildPhase section */
		6C3F7EF3B10AA3E272B35DF6 /* Copy Pods Resources */ = {
			isa = PBXShellScriptBuildPhase;
			buildActionMask = 2147483647;
			files = (
			);
			inputPaths = (
			);
			name = "Copy Pods Resources";
			outputPaths = (
			);
			runOnlyForDeploymentPostprocessing = 0;
			shellPath = /bin/sh;
			shellScript = "\"${SRCROOT}/Pods/Target Support Files/Pods-MinhaBrasilia/Pods-MinhaBrasilia-resources.sh\"\n";
			showEnvVarsInLog = 0;
		};
		C870C27A5B336D477D55652F /* Check Pods Manifest.lock */ = {
			isa = PBXShellScriptBuildPhase;
			buildActionMask = 2147483647;
			files = (
			);
			inputPaths = (
			);
			name = "Check Pods Manifest.lock";
			outputPaths = (
			);
			runOnlyForDeploymentPostprocessing = 0;
			shellPath = /bin/sh;
			shellScript = "diff \"${PODS_ROOT}/../Podfile.lock\" \"${PODS_ROOT}/Manifest.lock\" > /dev/null\nif [[ $? != 0 ]] ; then\n    cat << EOM\nerror: The sandbox is not in sync with the Podfile.lock. Run 'pod install' or update your CocoaPods installation.\nEOM\n    exit 1\nfi\n";
			showEnvVarsInLog = 0;
		};
/* End PBXShellScriptBuildPhase section */

/* Begin PBXSourcesBuildPhase section */
		A3F9C84F1B5DA8F8001ADC7A /* Sources */ = {
			isa = PBXSourcesBuildPhase;
			buildActionMask = 2147483647;
			files = (
				A3F9C85C1B5DA8F8001ADC7A /* AppDelegate.m in Sources */,
				A35E80221B72CB04006A98C5 /* Loja.m in Sources */,
				A35E801C1B72CB04006A98C5 /* Quadra.m in Sources */,
				A3B438E41B7BF9BD0006E19D /* DesignUtils.m in Sources */,
				A3F9C85F1B5DA8F8001ADC7A /* MinhaBrasilia.xcdatamodeld in Sources */,
				A35E801F1B72CB04006A98C5 /* Categoria.m in Sources */,
				A3C8E4C81B5DE00C001B547E /* TelaInicialViewController.m in Sources */,
				A3B7C2E91B66D801002C6F4B /* RefinarBuscaViewController.m in Sources */,
				A3F9C8621B5DA8F8001ADC7A /* ViewController.m in Sources */,
				A3DC58D31B6995B400E4D460 /* LojaTableViewCell.m in Sources */,
				A3B438DD1B7BF9800006E19D /* Constantes.m in Sources */,
				A3B7C2E61B66D605002C6F4B /* CategoriaViewController.m in Sources */,
				A3528A7F1B6AFCD200DA4F43 /* DetalheViewController.m in Sources */,
				A3EB04621B68396200DE7900 /* LojaViewController.m in Sources */,
				A3F9C8591B5DA8F8001ADC7A /* main.m in Sources */,
				A3B438E11B7BF98C0006E19D /* Utils.m in Sources */,
			);
			runOnlyForDeploymentPostprocessing = 0;
		};
		A3F9C86B1B5DA8F8001ADC7A /* Sources */ = {
			isa = PBXSourcesBuildPhase;
			buildActionMask = 2147483647;
			files = (
				A3F9C8761B5DA8F8001ADC7A /* MinhaBrasiliaTests.m in Sources */,
			);
			runOnlyForDeploymentPostprocessing = 0;
		};
/* End PBXSourcesBuildPhase section */

/* Begin PBXTargetDependency section */
		A3F9C8711B5DA8F8001ADC7A /* PBXTargetDependency */ = {
			isa = PBXTargetDependency;
			target = A3F9C8521B5DA8F8001ADC7A /* MinhaBrasilia */;
			targetProxy = A3F9C8701B5DA8F8001ADC7A /* PBXContainerItemProxy */;
		};
/* End PBXTargetDependency section */

/* Begin PBXVariantGroup section */
		A3F9C8681B5DA8F8001ADC7A /* LaunchScreen.xib */ = {
			isa = PBXVariantGroup;
			children = (
				A3F9C8691B5DA8F8001ADC7A /* Base */,
			);
			name = LaunchScreen.xib;
			sourceTree = "<group>";
		};
		A3F9C8A31B5DAD09001ADC7A /* Main.storyboard */ = {
			isa = PBXVariantGroup;
			children = (
				A3F9C8A41B5DAD09001ADC7A /* Base */,
			);
			name = Main.storyboard;
			sourceTree = "<group>";
		};
/* End PBXVariantGroup section */

/* Begin XCBuildConfiguration section */
		A3F9C8771B5DA8F8001ADC7A /* Debug */ = {
			isa = XCBuildConfiguration;
			buildSettings = {
				ALWAYS_SEARCH_USER_PATHS = NO;
				CLANG_CXX_LANGUAGE_STANDARD = "gnu++0x";
				CLANG_CXX_LIBRARY = "libc++";
				CLANG_ENABLE_MODULES = YES;
				CLANG_ENABLE_OBJC_ARC = YES;
				CLANG_WARN_BOOL_CONVERSION = YES;
				CLANG_WARN_CONSTANT_CONVERSION = YES;
				CLANG_WARN_DIRECT_OBJC_ISA_USAGE = YES_ERROR;
				CLANG_WARN_EMPTY_BODY = YES;
				CLANG_WARN_ENUM_CONVERSION = YES;
				CLANG_WARN_INT_CONVERSION = YES;
				CLANG_WARN_OBJC_ROOT_CLASS = YES_ERROR;
				CLANG_WARN_UNREACHABLE_CODE = YES;
				CLANG_WARN__DUPLICATE_METHOD_MATCH = YES;
				"CODE_SIGN_IDENTITY[sdk=iphoneos*]" = "iPhone Developer";
				COPY_PHASE_STRIP = NO;
				DEBUG_INFORMATION_FORMAT = "dwarf-with-dsym";
				ENABLE_STRICT_OBJC_MSGSEND = YES;
				GCC_C_LANGUAGE_STANDARD = gnu99;
				GCC_DYNAMIC_NO_PIC = NO;
				GCC_NO_COMMON_BLOCKS = YES;
				GCC_OPTIMIZATION_LEVEL = 0;
				GCC_PREPROCESSOR_DEFINITIONS = (
					"DEBUG=1",
					"$(inherited)",
				);
				GCC_SYMBOLS_PRIVATE_EXTERN = NO;
				GCC_WARN_64_TO_32_BIT_CONVERSION = YES;
				GCC_WARN_ABOUT_RETURN_TYPE = YES_ERROR;
				GCC_WARN_UNDECLARED_SELECTOR = YES;
				GCC_WARN_UNINITIALIZED_AUTOS = YES_AGGRESSIVE;
				GCC_WARN_UNUSED_FUNCTION = YES;
				GCC_WARN_UNUSED_VARIABLE = YES;
				IPHONEOS_DEPLOYMENT_TARGET = 8.4;
				MTL_ENABLE_DEBUG_INFO = YES;
				ONLY_ACTIVE_ARCH = YES;
				SDKROOT = iphoneos;
				TARGETED_DEVICE_FAMILY = "1,2";
			};
			name = Debug;
		};
		A3F9C8781B5DA8F8001ADC7A /* Release */ = {
			isa = XCBuildConfiguration;
			buildSettings = {
				ALWAYS_SEARCH_USER_PATHS = NO;
				CLANG_CXX_LANGUAGE_STANDARD = "gnu++0x";
				CLANG_CXX_LIBRARY = "libc++";
				CLANG_ENABLE_MODULES = YES;
				CLANG_ENABLE_OBJC_ARC = YES;
				CLANG_WARN_BOOL_CONVERSION = YES;
				CLANG_WARN_CONSTANT_CONVERSION = YES;
				CLANG_WARN_DIRECT_OBJC_ISA_USAGE = YES_ERROR;
				CLANG_WARN_EMPTY_BODY = YES;
				CLANG_WARN_ENUM_CONVERSION = YES;
				CLANG_WARN_INT_CONVERSION = YES;
				CLANG_WARN_OBJC_ROOT_CLASS = YES_ERROR;
				CLANG_WARN_UNREACHABLE_CODE = YES;
				CLANG_WARN__DUPLICATE_METHOD_MATCH = YES;
				"CODE_SIGN_IDENTITY[sdk=iphoneos*]" = "iPhone Developer";
				COPY_PHASE_STRIP = NO;
				DEBUG_INFORMATION_FORMAT = "dwarf-with-dsym";
				ENABLE_NS_ASSERTIONS = NO;
				ENABLE_STRICT_OBJC_MSGSEND = YES;
				GCC_C_LANGUAGE_STANDARD = gnu99;
				GCC_NO_COMMON_BLOCKS = YES;
				GCC_WARN_64_TO_32_BIT_CONVERSION = YES;
				GCC_WARN_ABOUT_RETURN_TYPE = YES_ERROR;
				GCC_WARN_UNDECLARED_SELECTOR = YES;
				GCC_WARN_UNINITIALIZED_AUTOS = YES_AGGRESSIVE;
				GCC_WARN_UNUSED_FUNCTION = YES;
				GCC_WARN_UNUSED_VARIABLE = YES;
				IPHONEOS_DEPLOYMENT_TARGET = 8.4;
				MTL_ENABLE_DEBUG_INFO = NO;
				SDKROOT = iphoneos;
				TARGETED_DEVICE_FAMILY = "1,2";
				VALIDATE_PRODUCT = YES;
			};
			name = Release;
		};
		A3F9C87A1B5DA8F8001ADC7A /* Debug */ = {
			isa = XCBuildConfiguration;
			baseConfigurationReference = 7A1881529D9937928DA6B3D0 /* Pods-MinhaBrasilia.debug.xcconfig */;
			buildSettings = {
				ASSETCATALOG_COMPILER_APPICON_NAME = AppIcon;
				INFOPLIST_FILE = MinhaBrasilia/Info.plist;
				LD_RUNPATH_SEARCH_PATHS = "$(inherited) @executable_path/Frameworks";
				PRODUCT_NAME = "$(TARGET_NAME)";
			};
			name = Debug;
		};
		A3F9C87B1B5DA8F8001ADC7A /* Release */ = {
			isa = XCBuildConfiguration;
			baseConfigurationReference = C5CB7748F7AF12B8454FAE28 /* Pods-MinhaBrasilia.release.xcconfig */;
			buildSettings = {
				ASSETCATALOG_COMPILER_APPICON_NAME = AppIcon;
				INFOPLIST_FILE = MinhaBrasilia/Info.plist;
				LD_RUNPATH_SEARCH_PATHS = "$(inherited) @executable_path/Frameworks";
				PRODUCT_NAME = "$(TARGET_NAME)";
			};
			name = Release;
		};
		A3F9C87D1B5DA8F8001ADC7A /* Debug */ = {
			isa = XCBuildConfiguration;
			buildSettings = {
				BUNDLE_LOADER = "$(TEST_HOST)";
				FRAMEWORK_SEARCH_PATHS = (
					"$(SDKROOT)/Developer/Library/Frameworks",
					"$(inherited)",
				);
				GCC_PREPROCESSOR_DEFINITIONS = (
					"DEBUG=1",
					"$(inherited)",
				);
				INFOPLIST_FILE = MinhaBrasiliaTests/Info.plist;
				LD_RUNPATH_SEARCH_PATHS = "$(inherited) @executable_path/Frameworks @loader_path/Frameworks";
				PRODUCT_NAME = "$(TARGET_NAME)";
				TEST_HOST = "$(BUILT_PRODUCTS_DIR)/MinhaBrasilia.app/MinhaBrasilia";
			};
			name = Debug;
		};
		A3F9C87E1B5DA8F8001ADC7A /* Release */ = {
			isa = XCBuildConfiguration;
			buildSettings = {
				BUNDLE_LOADER = "$(TEST_HOST)";
				FRAMEWORK_SEARCH_PATHS = (
					"$(SDKROOT)/Developer/Library/Frameworks",
					"$(inherited)",
				);
				INFOPLIST_FILE = MinhaBrasiliaTests/Info.plist;
				LD_RUNPATH_SEARCH_PATHS = "$(inherited) @executable_path/Frameworks @loader_path/Frameworks";
				PRODUCT_NAME = "$(TARGET_NAME)";
				TEST_HOST = "$(BUILT_PRODUCTS_DIR)/MinhaBrasilia.app/MinhaBrasilia";
			};
			name = Release;
		};
/* End XCBuildConfiguration section */

/* Begin XCConfigurationList section */
		A3F9C84E1B5DA8F8001ADC7A /* Build configuration list for PBXProject "MinhaBrasilia" */ = {
			isa = XCConfigurationList;
			buildConfigurations = (
				A3F9C8771B5DA8F8001ADC7A /* Debug */,
				A3F9C8781B5DA8F8001ADC7A /* Release */,
			);
			defaultConfigurationIsVisible = 0;
			defaultConfigurationName = Release;
		};
		A3F9C8791B5DA8F8001ADC7A /* Build configuration list for PBXNativeTarget "MinhaBrasilia" */ = {
			isa = XCConfigurationList;
			buildConfigurations = (
				A3F9C87A1B5DA8F8001ADC7A /* Debug */,
				A3F9C87B1B5DA8F8001ADC7A /* Release */,
			);
			defaultConfigurationIsVisible = 0;
			defaultConfigurationName = Release;
		};
		A3F9C87C1B5DA8F8001ADC7A /* Build configuration list for PBXNativeTarget "MinhaBrasiliaTests" */ = {
			isa = XCConfigurationList;
			buildConfigurations = (
				A3F9C87D1B5DA8F8001ADC7A /* Debug */,
				A3F9C87E1B5DA8F8001ADC7A /* Release */,
			);
			defaultConfigurationIsVisible = 0;
			defaultConfigurationName = Release;
		};
/* End XCConfigurationList section */

/* Begin XCVersionGroup section */
		A3F9C85D1B5DA8F8001ADC7A /* MinhaBrasilia.xcdatamodeld */ = {
			isa = XCVersionGroup;
			children = (
				A3F9C85E1B5DA8F8001ADC7A /* MinhaBrasilia.xcdatamodel */,
			);
			currentVersion = A3F9C85E1B5DA8F8001ADC7A /* MinhaBrasilia.xcdatamodel */;
			path = MinhaBrasilia.xcdatamodeld;
			sourceTree = "<group>";
			versionGroupType = wrapper.xcdatamodel;
		};
/* End XCVersionGroup section */
	};
	rootObject = A3F9C84B1B5DA8F8001ADC7A /* Project object */;
}
